
Microsoft Visual Studio Solution File, Format Version 12.00
# Visual Studio 14
VisualStudioVersion = 14.0.25123.0
MinimumVisualStudioVersion = 10.0.40219.1
Project("{8BC9CEB8-8B4A-11D0-8D11-00A0C91BC942}") = "Enum", "C++ for C Programmers\C++ for C Programmers.vcxproj", "{B747EBA3-FD6C-4E3E-A3A6-A981521C2022}"
EndProject
Project("{8BC9CEB8-8B4A-11D0-8D11-00A0C91BC942}") = "Iterators", "Iterators\Iterators.vcxproj", "{0486DCE1-6649-48C2-8CF4-6504714F5412}"
EndProject
Project("{8BC9CEB8-8B4A-11D0-8D11-00A0C91BC942}") = "Part A - HW 1", "Part A - HW 1\Part A - HW 1.vcxproj", "{02FB9BC0-87DA-4494-8CE2-4B1AD957569A}"
EndProject
Project("{8BC9CEB8-8B4A-11D0-8D11-00A0C91BC942}") = "Part A - Week 1", "Part A - Week 1\Part A - Week 1.vcxproj", "{738B40B3-032B-4F0C-B9AE-91B336043323}"
EndProject
Project("{8BC9CEB8-8B4A-11D0-8D11-00A0C91BC942}") = "Part A - HW 2", "Part A - HW 2\Part A - HW 2.vcxproj", "{2961B504-03EB-4546-95B6-101BE1B76B57}"
EndProject
Project("{8BC9CEB8-8B4A-11D0-8D11-00A0C91BC942}") = "SharedPointers", "SharedPointers\SharedPointers.vcxproj", "{E2C1E003-501D-400A-BAAE-3B65FDBF8DCE}"
EndProject
Project("{8BC9CEB8-8B4A-11D0-8D11-00A0C91BC942}") = "Part A - Week 2", "Part A - Week 2\Part A - Week 2.vcxproj", "{A6F5146B-4EF0-4C29-BCAF-7B8B7BEF3444}"
EndProject
Project("{8BC9CEB8-8B4A-11D0-8D11-00A0C91BC942}") = "Other Student's Projects", "Other Student's Projects\Other Student's Projects.vcxproj", "{B3C7EB83-4A92-45F0-8CB7-E1BC5059CD42}"
EndProject
Project("{8BC9CEB8-8B4A-11D0-8D11-00A0C91BC942}") = "Part A - Week 4", "Part A - Week 4\Part A - Week 4.vcxproj", "{235374DE-6A2E-4BB8-874C-5AB4558450D9}"
EndProject
Project("{8BC9CEB8-8B4A-11D0-8D11-00A0C91BC942}") = "Part A - HW 3", "Part A - HW 3\Part A - HW 3.vcxproj", "{4A1EEA3E-1232-4D9E-9EF9-4D377B0C1038}"
EndProject
Project("{8BC9CEB8-8B4A-11D0-8D11-00A0C91BC942}") = "Part A - Week 5", "Part A - Week 5\Part A - Week 5.vcxproj", "{A787542B-F31D-450C-AB50-E6060979F73C}"
EndProject
Project("{8BC9CEB8-8B4A-11D0-8D11-00A0C91BC942}") = "Part B - Week 1", "Part B - Week 1\Part B - Week 1.vcxproj", "{8F24ACEB-05E4-416F-B5A8-EB2AA41CF189}"
EndProject
Project("{8BC9CEB8-8B4A-11D0-8D11-00A0C91BC942}") = "Part B - Week 2", "Part B - Week 2\Part B - Week 2.vcxproj", "{4D2B7921-D793-4C25-B45B-16405CE8394F}"
EndProject
Project("{8BC9CEB8-8B4A-11D0-8D11-00A0C91BC942}") = "Part B - HW1", "Part B - HW1\Part B - HW1.vcxproj", "{20DACF1A-D5D3-4A23-B34C-0B5812BE4782}"
EndProject
Global
	GlobalSection(SolutionConfigurationPlatforms) = preSolution
		Debug|x64 = Debug|x64
		Debug|x86 = Debug|x86
		Release|x64 = Release|x64
		Release|x86 = Release|x86
	EndGlobalSection
	GlobalSection(ProjectConfigurationPlatforms) = postSolution
		{B747EBA3-FD6C-4E3E-A3A6-A981521C2022}.Debug|x64.ActiveCfg = Debug|x64
		{B747EBA3-FD6C-4E3E-A3A6-A981521C2022}.Debug|x64.Build.0 = Debug|x64
		{B747EBA3-FD6C-4E3E-A3A6-A981521C2022}.Debug|x86.ActiveCfg = Debug|Win32
		{B747EBA3-FD6C-4E3E-A3A6-A981521C2022}.Debug|x86.Build.0 = Debug|Win32
		{B747EBA3-FD6C-4E3E-A3A6-A981521C2022}.Release|x64.ActiveCfg = Release|x64
		{B747EBA3-FD6C-4E3E-A3A6-A981521C2022}.Release|x64.Build.0 = Release|x64
		{B747EBA3-FD6C-4E3E-A3A6-A981521C2022}.Release|x86.ActiveCfg = Release|Win32
		{B747EBA3-FD6C-4E3E-A3A6-A981521C2022}.Release|x86.Build.0 = Release|Win32
		{0486DCE1-6649-48C2-8CF4-6504714F5412}.Debug|x64.ActiveCfg = Debug|x64
		{0486DCE1-6649-48C2-8CF4-6504714F5412}.Debug|x64.Build.0 = Debug|x64
		{0486DCE1-6649-48C2-8CF4-6504714F5412}.Debug|x86.ActiveCfg = Debug|Win32
		{0486DCE1-6649-48C2-8CF4-6504714F5412}.Debug|x86.Build.0 = Debug|Win32
		{0486DCE1-6649-48C2-8CF4-6504714F5412}.Release|x64.ActiveCfg = Release|x64
		{0486DCE1-6649-48C2-8CF4-6504714F5412}.Release|x64.Build.0 = Release|x64
		{0486DCE1-6649-48C2-8CF4-6504714F5412}.Release|x86.ActiveCfg = Release|Win32
		{0486DCE1-6649-48C2-8CF4-6504714F5412}.Release|x86.Build.0 = Release|Win32
		{02FB9BC0-87DA-4494-8CE2-4B1AD957569A}.Debug|x64.ActiveCfg = Debug|x64
		{02FB9BC0-87DA-4494-8CE2-4B1AD957569A}.Debug|x64.Build.0 = Debug|x64
		{02FB9BC0-87DA-4494-8CE2-4B1AD957569A}.Debug|x86.ActiveCfg = Debug|Win32
		{02FB9BC0-87DA-4494-8CE2-4B1AD957569A}.Debug|x86.Build.0 = Debug|Win32
		{02FB9BC0-87DA-4494-8CE2-4B1AD957569A}.Release|x64.ActiveCfg = Release|x64
		{02FB9BC0-87DA-4494-8CE2-4B1AD957569A}.Release|x64.Build.0 = Release|x64
		{02FB9BC0-87DA-4494-8CE2-4B1AD957569A}.Release|x86.ActiveCfg = Release|Win32
		{02FB9BC0-87DA-4494-8CE2-4B1AD957569A}.Release|x86.Build.0 = Release|Win32
		{738B40B3-032B-4F0C-B9AE-91B336043323}.Debug|x64.ActiveCfg = Debug|x64
		{738B40B3-032B-4F0C-B9AE-91B336043323}.Debug|x64.Build.0 = Debug|x64
		{738B40B3-032B-4F0C-B9AE-91B336043323}.Debug|x86.ActiveCfg = Debug|Win32
		{738B40B3-032B-4F0C-B9AE-91B336043323}.Debug|x86.Build.0 = Debug|Win32
		{738B40B3-032B-4F0C-B9AE-91B336043323}.Release|x64.ActiveCfg = Release|x64
		{738B40B3-032B-4F0C-B9AE-91B336043323}.Release|x64.Build.0 = Release|x64
		{738B40B3-032B-4F0C-B9AE-91B336043323}.Release|x86.ActiveCfg = Release|Win32
		{738B40B3-032B-4F0C-B9AE-91B336043323}.Release|x86.Build.0 = Release|Win32
		{2961B504-03EB-4546-95B6-101BE1B76B57}.Debug|x64.ActiveCfg = Debug|x64
		{2961B504-03EB-4546-95B6-101BE1B76B57}.Debug|x64.Build.0 = Debug|x64
		{2961B504-03EB-4546-95B6-101BE1B76B57}.Debug|x86.ActiveCfg = Debug|Win32
		{2961B504-03EB-4546-95B6-101BE1B76B57}.Debug|x86.Build.0 = Debug|Win32
		{2961B504-03EB-4546-95B6-101BE1B76B57}.Release|x64.ActiveCfg = Release|x64
		{2961B504-03EB-4546-95B6-101BE1B76B57}.Release|x64.Build.0 = Release|x64
		{2961B504-03EB-4546-95B6-101BE1B76B57}.Release|x86.ActiveCfg = Release|Win32
		{2961B504-03EB-4546-95B6-101BE1B76B57}.Release|x86.Build.0 = Release|Win32
		{E2C1E003-501D-400A-BAAE-3B65FDBF8DCE}.Debug|x64.ActiveCfg = Debug|x64
		{E2C1E003-501D-400A-BAAE-3B65FDBF8DCE}.Debug|x64.Build.0 = Debug|x64
		{E2C1E003-501D-400A-BAAE-3B65FDBF8DCE}.Debug|x86.ActiveCfg = Debug|Win32
		{E2C1E003-501D-400A-BAAE-3B65FDBF8DCE}.Debug|x86.Build.0 = Debug|Win32
		{E2C1E003-501D-400A-BAAE-3B65FDBF8DCE}.Release|x64.ActiveCfg = Release|x64
		{E2C1E003-501D-400A-BAAE-3B65FDBF8DCE}.Release|x64.Build.0 = Release|x64
		{E2C1E003-501D-400A-BAAE-3B65FDBF8DCE}.Release|x86.ActiveCfg = Release|Win32
		{E2C1E003-501D-400A-BAAE-3B65FDBF8DCE}.Release|x86.Build.0 = Release|Win32
		{A6F5146B-4EF0-4C29-BCAF-7B8B7BEF3444}.Debug|x64.ActiveCfg = Debug|x64
		{A6F5146B-4EF0-4C29-BCAF-7B8B7BEF3444}.Debug|x64.Build.0 = Debug|x64
		{A6F5146B-4EF0-4C29-BCAF-7B8B7BEF3444}.Debug|x86.ActiveCfg = Debug|Win32
		{A6F5146B-4EF0-4C29-BCAF-7B8B7BEF3444}.Debug|x86.Build.0 = Debug|Win32
		{A6F5146B-4EF0-4C29-BCAF-7B8B7BEF3444}.Release|x64.ActiveCfg = Release|x64
		{A6F5146B-4EF0-4C29-BCAF-7B8B7BEF3444}.Release|x64.Build.0 = Release|x64
		{A6F5146B-4EF0-4C29-BCAF-7B8B7BEF3444}.Release|x86.ActiveCfg = Release|Win32
		{A6F5146B-4EF0-4C29-BCAF-7B8B7BEF3444}.Release|x86.Build.0 = Release|Win32
		{B3C7EB83-4A92-45F0-8CB7-E1BC5059CD42}.Debug|x64.ActiveCfg = Debug|x64
		{B3C7EB83-4A92-45F0-8CB7-E1BC5059CD42}.Debug|x64.Build.0 = Debug|x64
		{B3C7EB83-4A92-45F0-8CB7-E1BC5059CD42}.Debug|x86.ActiveCfg = Debug|Win32
		{B3C7EB83-4A92-45F0-8CB7-E1BC5059CD42}.Debug|x86.Build.0 = Debug|Win32
		{B3C7EB83-4A92-45F0-8CB7-E1BC5059CD42}.Release|x64.ActiveCfg = Release|x64
		{B3C7EB83-4A92-45F0-8CB7-E1BC5059CD42}.Release|x64.Build.0 = Release|x64
		{B3C7EB83-4A92-45F0-8CB7-E1BC5059CD42}.Release|x86.ActiveCfg = Release|Win32
		{B3C7EB83-4A92-45F0-8CB7-E1BC5059CD42}.Release|x86.Build.0 = Release|Win32
		{235374DE-6A2E-4BB8-874C-5AB4558450D9}.Debug|x64.ActiveCfg = Debug|x64
		{235374DE-6A2E-4BB8-874C-5AB4558450D9}.Debug|x64.Build.0 = Debug|x64
		{235374DE-6A2E-4BB8-874C-5AB4558450D9}.Debug|x86.ActiveCfg = Debug|Win32
		{235374DE-6A2E-4BB8-874C-5AB4558450D9}.Debug|x86.Build.0 = Debug|Win32
		{235374DE-6A2E-4BB8-874C-5AB4558450D9}.Release|x64.ActiveCfg = Release|x64
		{235374DE-6A2E-4BB8-874C-5AB4558450D9}.Release|x64.Build.0 = Release|x64
		{235374DE-6A2E-4BB8-874C-5AB4558450D9}.Release|x86.ActiveCfg = Release|Win32
		{235374DE-6A2E-4BB8-874C-5AB4558450D9}.Release|x86.Build.0 = Release|Win32
		{4A1EEA3E-1232-4D9E-9EF9-4D377B0C1038}.Debug|x64.ActiveCfg = Debug|x64
		{4A1EEA3E-1232-4D9E-9EF9-4D377B0C1038}.Debug|x64.Build.0 = Debug|x64
		{4A1EEA3E-1232-4D9E-9EF9-4D377B0C1038}.Debug|x86.ActiveCfg = Debug|Win32
		{4A1EEA3E-1232-4D9E-9EF9-4D377B0C1038}.Debug|x86.Build.0 = Debug|Win32
		{4A1EEA3E-1232-4D9E-9EF9-4D377B0C1038}.Release|x64.ActiveCfg = Release|x64
		{4A1EEA3E-1232-4D9E-9EF9-4D377B0C1038}.Release|x64.Build.0 = Release|x64
		{4A1EEA3E-1232-4D9E-9EF9-4D377B0C1038}.Release|x86.ActiveCfg = Release|Win32
		{4A1EEA3E-1232-4D9E-9EF9-4D377B0C1038}.Release|x86.Build.0 = Release|Win32
		{A787542B-F31D-450C-AB50-E6060979F73C}.Debug|x64.ActiveCfg = Debug|x64
		{A787542B-F31D-450C-AB50-E6060979F73C}.Debug|x64.Build.0 = Debug|x64
		{A787542B-F31D-450C-AB50-E6060979F73C}.Debug|x86.ActiveCfg = Debug|Win32
		{A787542B-F31D-450C-AB50-E6060979F73C}.Debug|x86.Build.0 = Debug|Win32
		{A787542B-F31D-450C-AB50-E6060979F73C}.Release|x64.ActiveCfg = Release|x64
		{A787542B-F31D-450C-AB50-E6060979F73C}.Release|x64.Build.0 = Release|x64
		{A787542B-F31D-450C-AB50-E6060979F73C}.Release|x86.ActiveCfg = Release|Win32
		{A787542B-F31D-450C-AB50-E6060979F73C}.Release|x86.Build.0 = Release|Win32
		{8F24ACEB-05E4-416F-B5A8-EB2AA41CF189}.Debug|x64.ActiveCfg = Debug|x64
		{8F24ACEB-05E4-416F-B5A8-EB2AA41CF189}.Debug|x64.Build.0 = Debug|x64
		{8F24ACEB-05E4-416F-B5A8-EB2AA41CF189}.Debug|x86.ActiveCfg = Debug|Win32
		{8F24ACEB-05E4-416F-B5A8-EB2AA41CF189}.Debug|x86.Build.0 = Debug|Win32
		{8F24ACEB-05E4-416F-B5A8-EB2AA41CF189}.Release|x64.ActiveCfg = Release|x64
		{8F24ACEB-05E4-416F-B5A8-EB2AA41CF189}.Release|x64.Build.0 = Release|x64
		{8F24ACEB-05E4-416F-B5A8-EB2AA41CF189}.Release|x86.ActiveCfg = Release|Win32
		{8F24ACEB-05E4-416F-B5A8-EB2AA41CF189}.Release|x86.Build.0 = Release|Win32
		{4D2B7921-D793-4C25-B45B-16405CE8394F}.Debug|x64.ActiveCfg = Debug|x64
		{4D2B7921-D793-4C25-B45B-16405CE8394F}.Debug|x64.Build.0 = Debug|x64
		{4D2B7921-D793-4C25-B45B-16405CE8394F}.Debug|x86.ActiveCfg = Debug|Win32
		{4D2B7921-D793-4C25-B45B-16405CE8394F}.Debug|x86.Build.0 = Debug|Win32
		{4D2B7921-D793-4C25-B45B-16405CE8394F}.Release|x64.ActiveCfg = Release|x64
		{4D2B7921-D793-4C25-B45B-16405CE8394F}.Release|x64.Build.0 = Release|x64
		{4D2B7921-D793-4C25-B45B-16405CE8394F}.Release|x86.ActiveCfg = Release|Win32
		{4D2B7921-D793-4C25-B45B-16405CE8394F}.Release|x86.Build.0 = Release|Win32
		{20DACF1A-D5D3-4A23-B34C-0B5812BE4782}.Debug|x64.ActiveCfg = Debug|x64
		{20DACF1A-D5D3-4A23-B34C-0B5812BE4782}.Debug|x64.Build.0 = Debug|x64
		{20DACF1A-D5D3-4A23-B34C-0B5812BE4782}.Debug|x86.ActiveCfg = Debug|Win32
		{20DACF1A-D5D3-4A23-B34C-0B5812BE4782}.Debug|x86.Build.0 = Debug|Win32
		{20DACF1A-D5D3-4A23-B34C-0B5812BE4782}.Release|x64.ActiveCfg = Release|x64
		{20DACF1A-D5D3-4A23-B34C-0B5812BE4782}.Release|x64.Build.0 = Release|x64
		{20DACF1A-D5D3-4A23-B34C-0B5812BE4782}.Release|x86.ActiveCfg = Release|Win32
		{20DACF1A-D5D3-4A23-B34C-0B5812BE4782}.Release|x86.Build.0 = Release|Win32
	EndGlobalSection
	GlobalSection(SolutionProperties) = preSolution
		HideSolutionNode = FALSE
	EndGlobalSection
EndGlobal
